
Microsoft Visual Studio Solution File, Format Version 12.00
# Visual Studio Version 17
VisualStudioVersion = 17.11.35208.52
MinimumVisualStudioVersion = 10.0.40219.1
Project("{FAE04EC0-301F-11D3-BF4B-00C04F79EFBC}") = "Design_Pendaftaran", "Design_Pendaftaran\Design_Pendaftaran.csproj", "{E79A5521-B7BC-4113-B718-07FFE534A7FC}"
EndProject
Global
	GlobalSection(SolutionConfigurationPlatforms) = preSolution
		Debug|Any CPU = Debug|Any CPU
		Release|Any CPU = Release|Any CPU
	EndGlobalSection
	GlobalSection(ProjectConfigurationPlatforms) = postSolution
		{E79A5521-B7BC-4113-B718-07FFE534A7FC}.Debug|Any CPU.ActiveCfg = Debug|Any CPU
		{E79A5521-B7BC-4113-B718-07FFE534A7FC}.Debug|Any CPU.Build.0 = Debug|Any CPU
		{E79A5521-B7BC-4113-B718-07FFE534A7FC}.Release|Any CPU.ActiveCfg = Release|Any CPU
		{E79A5521-B7BC-4113-B718-07FFE534A7FC}.Release|Any CPU.Build.0 = Release|Any CPU
	EndGlobalSection
	GlobalSection(SolutionProperties) = preSolution
		HideSolutionNode = FALSE
	EndGlobalSection
	GlobalSection(ExtensibilityGlobals) = postSolution
		SolutionGuid = {A39BACEE-1A87-4703-9733-6ACBE2BA9241}
	EndGlobalSection
EndGlobal
